// !$*UTF8*$!
{
	archiveVersion = 1;
	classes = {
	};
	objectVersion = 56;
	objects = {

/* Begin PBXBuildFile section */
		5C0CD4752D9FDE650051094C /* AppDelegate.swift in Sources */ = {isa = PBXBuildFile; fileRef = 5C0CD4742D9FDE650051094C /* AppDelegate.swift */; };
		5C0CD4772D9FDE650051094C /* SceneDelegate.swift in Sources */ = {isa = PBXBuildFile; fileRef = 5C0CD4762D9FDE650051094C /* SceneDelegate.swift */; };
		5C0CD4792D9FDE650051094C /* HomeViewController.swift in Sources */ = {isa = PBXBuildFile; fileRef = 5C0CD4782D9FDE650051094C /* HomeViewController.swift */; };
		5C0CD47C2D9FDE650051094C /* Base in Resources */ = {isa = PBXBuildFile; fileRef = 5C0CD47B2D9FDE650051094C /* Base */; };
		5C0CD47E2D9FDE660051094C /* Assets.xcassets in Resources */ = {isa = PBXBuildFile; fileRef = 5C0CD47D2D9FDE660051094C /* Assets.xcassets */; };
		5C0CD4812D9FDE660051094C /* Base in Resources */ = {isa = PBXBuildFile; fileRef = 5C0CD4802D9FDE660051094C /* Base */; };
		5C0CD48C2D9FDEE00051094C /* BaseData.swift in Sources */ = {isa = PBXBuildFile; fileRef = 5C0CD48B2D9FDEE00051094C /* BaseData.swift */; };
		5C0CD48E2D9FDF150051094C /* Meta.swift in Sources */ = {isa = PBXBuildFile; fileRef = 5C0CD48D2D9FDF150051094C /* Meta.swift */; };
		5C0CD4902D9FDF560051094C /* Products.swift in Sources */ = {isa = PBXBuildFile; fileRef = 5C0CD48F2D9FDF560051094C /* Products.swift */; };
		5C0CD4922D9FDF870051094C /* Reviews.swift in Sources */ = {isa = PBXBuildFile; fileRef = 5C0CD4912D9FDF870051094C /* Reviews.swift */; };
		5C0CD4942D9FDFAF0051094C /* Dimensions.swift in Sources */ = {isa = PBXBuildFile; fileRef = 5C0CD4932D9FDFAF0051094C /* Dimensions.swift */; };
		5C0CD4962D9FE1C60051094C /* Service.swift in Sources */ = {isa = PBXBuildFile; fileRef = 5C0CD4952D9FE1C60051094C /* Service.swift */; };
/* End PBXBuildFile section */

/* Begin PBXFileReference section */
		5C0CD4712D9FDE650051094C /* ProductsMVVM.app */ = {isa = PBXFileReference; explicitFileType = wrapper.application; includeInIndex = 0; path = ProductsMVVM.app; sourceTree = BUILT_PRODUCTS_DIR; };
		5C0CD4742D9FDE650051094C /* AppDelegate.swift */ = {isa = PBXFileReference; lastKnownFileType = sourcecode.swift; path = AppDelegate.swift; sourceTree = "<group>"; };
		5C0CD4762D9FDE650051094C /* SceneDelegate.swift */ = {isa = PBXFileReference; lastKnownFileType = sourcecode.swift; path = SceneDelegate.swift; sourceTree = "<group>"; };
		5C0CD4782D9FDE650051094C /* HomeViewController.swift */ = {isa = PBXFileReference; lastKnownFileType = sourcecode.swift; path = HomeViewController.swift; sourceTree = "<group>"; };
		5C0CD47B2D9FDE650051094C /* Base */ = {isa = PBXFileReference; lastKnownFileType = file.storyboard; name = Base; path = Base.lproj/Main.storyboard; sourceTree = "<group>"; };
		5C0CD47D2D9FDE660051094C /* Assets.xcassets */ = {isa = PBXFileReference; lastKnownFileType = folder.assetcatalog; path = Assets.xcassets; sourceTree = "<group>"; };
		5C0CD4802D9FDE660051094C /* Base */ = {isa = PBXFileReference; lastKnownFileType = file.storyboard; name = Base; path = Base.lproj/LaunchScreen.storyboard; sourceTree = "<group>"; };
		5C0CD4822D9FDE660051094C /* Info.plist */ = {isa = PBXFileReference; lastKnownFileType = text.plist.xml; path = Info.plist; sourceTree = "<group>"; };
		5C0CD48B2D9FDEE00051094C /* BaseData.swift */ = {isa = PBXFileReference; lastKnownFileType = sourcecode.swift; path = BaseData.swift; sourceTree = "<group>"; };
		5C0CD48D2D9FDF150051094C /* Meta.swift */ = {isa = PBXFileReference; lastKnownFileType = sourcecode.swift; path = Meta.swift; sourceTree = "<group>"; };
		5C0CD48F2D9FDF560051094C /* Products.swift */ = {isa = PBXFileReference; lastKnownFileType = sourcecode.swift; path = Products.swift; sourceTree = "<group>"; };
		5C0CD4912D9FDF870051094C /* Reviews.swift */ = {isa = PBXFileReference; lastKnownFileType = sourcecode.swift; path = Reviews.swift; sourceTree = "<group>"; };
		5C0CD4932D9FDFAF0051094C /* Dimensions.swift */ = {isa = PBXFileReference; lastKnownFileType = sourcecode.swift; path = Dimensions.swift; sourceTree = "<group>"; };
		5C0CD4952D9FE1C60051094C /* Service.swift */ = {isa = PBXFileReference; lastKnownFileType = sourcecode.swift; path = Service.swift; sourceTree = "<group>"; };
/* End PBXFileReference section */

/* Begin PBXFrameworksBuildPhase section */
		5C0CD46E2D9FDE650051094C /* Frameworks */ = {
			isa = PBXFrameworksBuildPhase;
			buildActionMask = 2147483647;
			files = (
			);
			runOnlyForDeploymentPostprocessing = 0;
		};
/* End PBXFrameworksBuildPhase section */

/* Begin PBXGroup section */
		5C0CD4682D9FDE650051094C = {
			isa = PBXGroup;
			children = (
				5C0CD4732D9FDE650051094C /* ProductsMVVM */,
				5C0CD4722D9FDE650051094C /* Products */,
			);
			sourceTree = "<group>";
		};
		5C0CD4722D9FDE650051094C /* Products */ = {
			isa = PBXGroup;
			children = (
				5C0CD4712D9FDE650051094C /* ProductsMVVM.app */,
			);
			name = Products;
			sourceTree = "<group>";
		};
		5C0CD4732D9FDE650051094C /* ProductsMVVM */ = {
			isa = PBXGroup;
			children = (
				5C0CD4742D9FDE650051094C /* AppDelegate.swift */,
				5C0CD4762D9FDE650051094C /* SceneDelegate.swift */,
				5C0CD4952D9FE1C60051094C /* Service.swift */,
				5C0CD48A2D9FDE900051094C /* Models */,
				5C0CD4892D9FDE8A0051094C /* Views */,
				5C0CD4882D9FDE800051094C /* ViewModels */,
				5C0CD47A2D9FDE650051094C /* Main.storyboard */,
				5C0CD47D2D9FDE660051094C /* Assets.xcassets */,
				5C0CD47F2D9FDE660051094C /* LaunchScreen.storyboard */,
				5C0CD4822D9FDE660051094C /* Info.plist */,
			);
			path = ProductsMVVM;
			sourceTree = "<group>";
		};
		5C0CD4882D9FDE800051094C /* ViewModels */ = {
			isa = PBXGroup;
			children = (
			);
			path = ViewModels;
			sourceTree = "<group>";
		};
		5C0CD4892D9FDE8A0051094C /* Views */ = {
			isa = PBXGroup;
			children = (
				5C0CD4782D9FDE650051094C /* HomeViewController.swift */,
			);
			path = Views;
			sourceTree = "<group>";
		};
		5C0CD48A2D9FDE900051094C /* Models */ = {
			isa = PBXGroup;
			children = (
				5C0CD48B2D9FDEE00051094C /* BaseData.swift */,
				5C0CD48D2D9FDF150051094C /* Meta.swift */,
				5C0CD48F2D9FDF560051094C /* Products.swift */,
				5C0CD4912D9FDF870051094C /* Reviews.swift */,
				5C0CD4932D9FDFAF0051094C /* Dimensions.swift */,
			);
			path = Models;
			sourceTree = "<group>";
		};
/* End PBXGroup section */

/* Begin PBXNativeTarget section */
		5C0CD4702D9FDE650051094C /* ProductsMVVM */ = {
			isa = PBXNativeTarget;
			buildConfigurationList = 5C0CD4852D9FDE660051094C /* Build configuration list for PBXNativeTarget "ProductsMVVM" */;
			buildPhases = (
				5C0CD46D2D9FDE650051094C /* Sources */,
				5C0CD46E2D9FDE650051094C /* Frameworks */,
				5C0CD46F2D9FDE650051094C /* Resources */,
			);
			buildRules = (
			);
			dependencies = (
			);
			name = ProductsMVVM;
			productName = ProductsMVVM;
			productReference = 5C0CD4712D9FDE650051094C /* ProductsMVVM.app */;
			productType = "com.apple.product-type.application";
		};
/* End PBXNativeTarget section */

/* Begin PBXProject section */
		5C0CD4692D9FDE650051094C /* Project object */ = {
			isa = PBXProject;
			attributes = {
				BuildIndependentTargetsInParallel = 1;
				LastSwiftUpdateCheck = 1540;
				LastUpgradeCheck = 1540;
				TargetAttributes = {
					5C0CD4702D9FDE650051094C = {
						CreatedOnToolsVersion = 15.4;
					};
				};
			};
			buildConfigurationList = 5C0CD46C2D9FDE650051094C /* Build configuration list for PBXProject "ProductsMVVM" */;
			compatibilityVersion = "Xcode 14.0";
			developmentRegion = en;
			hasScannedForEncodings = 0;
			knownRegions = (
				en,
				Base,
			);
			mainGroup = 5C0CD4682D9FDE650051094C;
			productRefGroup = 5C0CD4722D9FDE650051094C /* Products */;
			projectDirPath = "";
			projectRoot = "";
			targets = (
				5C0CD4702D9FDE650051094C /* ProductsMVVM */,
			);
		};
/* End PBXProject section */

/* Begin PBXResourcesBuildPhase section */
		5C0CD46F2D9FDE650051094C /* Resources */ = {
			isa = PBXResourcesBuildPhase;
			buildActionMask = 2147483647;
			files = (
				5C0CD47E2D9FDE660051094C /* Assets.xcassets in Resources */,
				5C0CD4812D9FDE660051094C /* Base in Resources */,
				5C0CD47C2D9FDE650051094C /* Base in Resources */,
			);
			runOnlyForDeploymentPostprocessing = 0;
		};
/* End PBXResourcesBuildPhase section */

/* Begin PBXSourcesBuildPhase section */
		5C0CD46D2D9FDE650051094C /* Sources */ = {
			isa = PBXSourcesBuildPhase;
			buildActionMask = 2147483647;
			files = (
				5C0CD48C2D9FDEE00051094C /* BaseData.swift in Sources */,
				5C0CD4792D9FDE650051094C /* HomeViewController.swift in Sources */,
				5C0CD4752D9FDE650051094C /* AppDelegate.swift in Sources */,
				5C0CD4902D9FDF560051094C /* Products.swift in Sources */,
				5C0CD4942D9FDFAF0051094C /* Dimensions.swift in Sources */,
				5C0CD4962D9FE1C60051094C /* Service.swift in Sources */,
				5C0CD48E2D9FDF150051094C /* Meta.swift in Sources */,
				5C0CD4772D9FDE650051094C /* SceneDelegate.swift in Sources */,
				5C0CD4922D9FDF870051094C /* Reviews.swift in Sources */,
			);
			runOnlyForDeploymentPostprocessing = 0;
		};
/* End PBXSourcesBuildPhase section */

/* Begin PBXVariantGroup section */
		5C0CD47A2D9FDE650051094C /* Main.storyboard */ = {
			isa = PBXVariantGroup;
			children = (
				5C0CD47B2D9FDE650051094C /* Base */,
			);
			name = Main.storyboard;
			sourceTree = "<group>";
		};
		5C0CD47F2D9FDE660051094C /* LaunchScreen.storyboard */ = {
			isa = PBXVariantGroup;
			children = (
				5C0CD4802D9FDE660051094C /* Base */,
			);
			name = LaunchScreen.storyboard;
			sourceTree = "<group>";
		};
/* End PBXVariantGroup section */

/* Begin XCBuildConfiguration section */
		5C0CD4832D9FDE660051094C /* Debug */ = {
			isa = XCBuildConfiguration;
			buildSettings = {
				ALWAYS_SEARCH_USER_PATHS = NO;
				ASSETCATALOG_COMPILER_GENERATE_SWIFT_ASSET_SYMBOL_EXTENSIONS = YES;
				CLANG_ANALYZER_NONNULL = YES;
				CLANG_ANALYZER_NUMBER_OBJECT_CONVERSION = YES_AGGRESSIVE;
				CLANG_CXX_LANGUAGE_STANDARD = "gnu++20";
				CLANG_ENABLE_MODULES = YES;
				CLANG_ENABLE_OBJC_ARC = YES;
				CLANG_ENABLE_OBJC_WEAK = YES;
				CLANG_WARN_BLOCK_CAPTURE_AUTORELEASING = YES;
				CLANG_WARN_BOOL_CONVERSION = YES;
				CLANG_WARN_COMMA = YES;
				CLANG_WARN_CONSTANT_CONVERSION = YES;
				CLANG_WARN_DEPRECATED_OBJC_IMPLEMENTATIONS = YES;
				CLANG_WARN_DIRECT_OBJC_ISA_USAGE = YES_ERROR;
				CLANG_WARN_DOCUMENTATION_COMMENTS = YES;
				CLANG_WARN_EMPTY_BODY = YES;
				CLANG_WARN_ENUM_CONVERSION = YES;
				CLANG_WARN_INFINITE_RECURSION = YES;
				CLANG_WARN_INT_CONVERSION = YES;
				CLANG_WARN_NON_LITERAL_NULL_CONVERSION = YES;
				CLANG_WARN_OBJC_IMPLICIT_RETAIN_SELF = YES;
				CLANG_WARN_OBJC_LITERAL_CONVERSION = YES;
				CLANG_WARN_OBJC_ROOT_CLASS = YES_ERROR;
				CLANG_WARN_QUOTED_INCLUDE_IN_FRAMEWORK_HEADER = YES;
				CLANG_WARN_RANGE_LOOP_ANALYSIS = YES;
				CLANG_WARN_STRICT_PROTOTYPES = YES;
				CLANG_WARN_SUSPICIOUS_MOVE = YES;
				CLANG_WARN_UNGUARDED_AVAILABILITY = YES_AGGRESSIVE;
				CLANG_WARN_UNREACHABLE_CODE = YES;
				CLANG_WARN__DUPLICATE_METHOD_MATCH = YES;
				COPY_PHASE_STRIP = NO;
				DEBUG_INFORMATION_FORMAT = dwarf;
				ENABLE_STRICT_OBJC_MSGSEND = YES;
				ENABLE_TESTABILITY = YES;
				ENABLE_USER_SCRIPT_SANDBOXING = YES;
				GCC_C_LANGUAGE_STANDARD = gnu17;
				GCC_DYNAMIC_NO_PIC = NO;
				GCC_NO_COMMON_BLOCKS = YES;
				GCC_OPTIMIZATION_LEVEL = 0;
				GCC_PREPROCESSOR_DEFINITIONS = (
					"DEBUG=1",
					"$(inherited)",
				);
				GCC_WARN_64_TO_32_BIT_CONVERSION = YES;
				GCC_WARN_ABOUT_RETURN_TYPE = YES_ERROR;
				GCC_WARN_UNDECLARED_SELECTOR = YES;
				GCC_WARN_UNINITIALIZED_AUTOS = YES_AGGRESSIVE;
				GCC_WARN_UNUSED_FUNCTION = YES;
				GCC_WARN_UNUSED_VARIABLE = YES;
				IPHONEOS_DEPLOYMENT_TARGET = 17.5;
				LOCALIZATION_PREFERS_STRING_CATALOGS = YES;
				MTL_ENABLE_DEBUG_INFO = INCLUDE_SOURCE;
				MTL_FAST_MATH = YES;
				ONLY_ACTIVE_ARCH = YES;
				SDKROOT = iphoneos;
				SWIFT_ACTIVE_COMPILATION_CONDITIONS = "DEBUG $(inherited)";
				SWIFT_OPTIMIZATION_LEVEL = "-Onone";
			};
			name = Debug;
		};
		5C0CD4842D9FDE660051094C /* Release */ = {
			isa = XCBuildConfiguration;
			buildSettings = {
				ALWAYS_SEARCH_USER_PATHS = NO;
				ASSETCATALOG_COMPILER_GENERATE_SWIFT_ASSET_SYMBOL_EXTENSIONS = YES;
				CLANG_ANALYZER_NONNULL = YES;
				CLANG_ANALYZER_NUMBER_OBJECT_CONVERSION = YES_AGGRESSIVE;
				CLANG_CXX_LANGUAGE_STANDARD = "gnu++20";
				CLANG_ENABLE_MODULES = YES;
				CLANG_ENABLE_OBJC_ARC = YES;
				CLANG_ENABLE_OBJC_WEAK = YES;
				CLANG_WARN_BLOCK_CAPTURE_AUTORELEASING = YES;
				CLANG_WARN_BOOL_CONVERSION = YES;
				CLANG_WARN_COMMA = YES;
				CLANG_WARN_CONSTANT_CONVERSION = YES;
				CLANG_WARN_DEPRECATED_OBJC_IMPLEMENTATIONS = YES;
				CLANG_WARN_DIRECT_OBJC_ISA_USAGE = YES_ERROR;
				CLANG_WARN_DOCUMENTATION_COMMENTS = YES;
				CLANG_WARN_EMPTY_BODY = YES;
				CLANG_WARN_ENUM_CONVERSION = YES;
				CLANG_WARN_INFINITE_RECURSION = YES;
				CLANG_WARN_INT_CONVERSION = YES;
				CLANG_WARN_NON_LITERAL_NULL_CONVERSION = YES;
				CLANG_WARN_OBJC_IMPLICIT_RETAIN_SELF = YES;
				CLANG_WARN_OBJC_LITERAL_CONVERSION = YES;
				CLANG_WARN_OBJC_ROOT_CLASS = YES_ERROR;
				CLANG_WARN_QUOTED_INCLUDE_IN_FRAMEWORK_HEADER = YES;
				CLANG_WARN_RANGE_LOOP_ANALYSIS = YES;
				CLANG_WARN_STRICT_PROTOTYPES = YES;
				CLANG_WARN_SUSPICIOUS_MOVE = YES;
				CLANG_WARN_UNGUARDED_AVAILABILITY = YES_AGGRESSIVE;
				CLANG_WARN_UNREACHABLE_CODE = YES;
				CLANG_WARN__DUPLICATE_METHOD_MATCH = YES;
				COPY_PHASE_STRIP = NO;
				DEBUG_INFORMATION_FORMAT = "dwarf-with-dsym";
				ENABLE_NS_ASSERTIONS = NO;
				ENABLE_STRICT_OBJC_MSGSEND = YES;
				ENABLE_USER_SCRIPT_SANDBOXING = YES;
				GCC_C_LANGUAGE_STANDARD = gnu17;
				GCC_NO_COMMON_BLOCKS = YES;
				GCC_WARN_64_TO_32_BIT_CONVERSION = YES;
				GCC_WARN_ABOUT_RETURN_TYPE = YES_ERROR;
				GCC_WARN_UNDECLARED_SELECTOR = YES;
				GCC_WARN_UNINITIALIZED_AUTOS = YES_AGGRESSIVE;
				GCC_WARN_UNUSED_FUNCTION = YES;
				GCC_WARN_UNUSED_VARIABLE = YES;
				IPHONEOS_DEPLOYMENT_TARGET = 17.5;
				LOCALIZATION_PREFERS_STRING_CATALOGS = YES;
				MTL_ENABLE_DEBUG_INFO = NO;
				MTL_FAST_MATH = YES;
				SDKROOT = iphoneos;
				SWIFT_COMPILATION_MODE = wholemodule;
				VALIDATE_PRODUCT = YES;
			};
			name = Release;
		};
		5C0CD4862D9FDE660051094C /* Debug */ = {
			isa = XCBuildConfiguration;
			buildSettings = {
				ASSETCATALOG_COMPILER_APPICON_NAME = AppIcon;
				ASSETCATALOG_COMPILER_GLOBAL_ACCENT_COLOR_NAME = AccentColor;
				CODE_SIGN_STYLE = Automatic;
				CURRENT_PROJECT_VERSION = 1;
				DEVELOPMENT_TEAM = M2MF9LH58A;
				GENERATE_INFOPLIST_FILE = YES;
				INFOPLIST_FILE = ProductsMVVM/Info.plist;
				INFOPLIST_KEY_UIApplicationSupportsIndirectInputEvents = YES;
				INFOPLIST_KEY_UILaunchStoryboardName = LaunchScreen;
				INFOPLIST_KEY_UIMainStoryboardFile = Main;
				INFOPLIST_KEY_UISupportedInterfaceOrientations_iPad = "UIInterfaceOrientationPortrait UIInterfaceOrientationPortraitUpsideDown UIInterfaceOrientationLandscapeLeft UIInterfaceOrientationLandscapeRight";
				INFOPLIST_KEY_UISupportedInterfaceOrientations_iPhone = "UIInterfaceOrientationPortrait UIInterfaceOrientationLandscapeLeft UIInterfaceOrientationLandscapeRight";
				LD_RUNPATH_SEARCH_PATHS = (
					"$(inherited)",
					"@executable_path/Frameworks",
				);
				MARKETING_VERSION = 1.0;
				PRODUCT_BUNDLE_IDENTIFIER = com.Lydia.ProductsMVVM;
				PRODUCT_NAME = "$(TARGET_NAME)";
				SWIFT_EMIT_LOC_STRINGS = YES;
				SWIFT_VERSION = 5.0;
				TARGETED_DEVICE_FAMILY = "1,2";
			};
			name = Debug;
		};
		5C0CD4872D9FDE660051094C /* Release */ = {
			isa = XCBuildConfiguration;
			buildSettings = {
				ASSETCATALOG_COMPILER_APPICON_NAME = AppIcon;
				ASSETCATALOG_COMPILER_GLOBAL_ACCENT_COLOR_NAME = AccentColor;
				CODE_SIGN_STYLE = Automatic;
				CURRENT_PROJECT_VERSION = 1;
				DEVELOPMENT_TEAM = M2MF9LH58A;
				GENERATE_INFOPLIST_FILE = YES;
				INFOPLIST_FILE = ProductsMVVM/Info.plist;
				INFOPLIST_KEY_UIApplicationSupportsIndirectInputEvents = YES;
				INFOPLIST_KEY_UILaunchStoryboardName = LaunchScreen;
				INFOPLIST_KEY_UIMainStoryboardFile = Main;
				INFOPLIST_KEY_UISupportedInterfaceOrientations_iPad = "UIInterfaceOrientationPortrait UIInterfaceOrientationPortraitUpsideDown UIInterfaceOrientationLandscapeLeft UIInterfaceOrientationLandscapeRight";
				INFOPLIST_KEY_UISupportedInterfaceOrientations_iPhone = "UIInterfaceOrientationPortrait UIInterfaceOrientationLandscapeLeft UIInterfaceOrientationLandscapeRight";
				LD_RUNPATH_SEARCH_PATHS = (
					"$(inherited)",
					"@executable_path/Frameworks",
				);
				MARKETING_VERSION = 1.0;
				PRODUCT_BUNDLE_IDENTIFIER = com.Lydia.ProductsMVVM;
				PRODUCT_NAME = "$(TARGET_NAME)";
				SWIFT_EMIT_LOC_STRINGS = YES;
				SWIFT_VERSION = 5.0;
				TARGETED_DEVICE_FAMILY = "1,2";
			};
			name = Release;
		};
/* End XCBuildConfiguration section */

/* Begin XCConfigurationList section */
		5C0CD46C2D9FDE650051094C /* Build configuration list for PBXProject "ProductsMVVM" */ = {
			isa = XCConfigurationList;
			buildConfigurations = (
				5C0CD4832D9FDE660051094C /* Debug */,
				5C0CD4842D9FDE660051094C /* Release */,
			);
			defaultConfigurationIsVisible = 0;
			defaultConfigurationName = Release;
		};
		5C0CD4852D9FDE660051094C /* Build configuration list for PBXNativeTarget "ProductsMVVM" */ = {
			isa = XCConfigurationList;
			buildConfigurations = (
				5C0CD4862D9FDE660051094C /* Debug */,
				5C0CD4872D9FDE660051094C /* Release */,
			);
			defaultConfigurationIsVisible = 0;
			defaultConfigurationName = Release;
		};
/* End XCConfigurationList section */
	};
	rootObject = 5C0CD4692D9FDE650051094C /* Project object */;
}
